
Microsoft Visual Studio Solution File, Format Version 12.00
# Visual Studio Version 17
VisualStudioVersion = 17.10.34928.147
MinimumVisualStudioVersion = 10.0.40219.1
Project("{FAE04EC0-301F-11D3-BF4B-00C04F79EFBC}") = "Ice-Cream", "Ice-Cream.csproj", "{AB1230D6-6180-44F9-867F-9A274151B173}"
EndProject
Global
	GlobalSection(SolutionConfigurationPlatforms) = preSolution
		Debug|Any CPU = Debug|Any CPU
		Release|Any CPU = Release|Any CPU
	EndGlobalSection
	GlobalSection(ProjectConfigurationPlatforms) = postSolution
		{AB1230D6-6180-44F9-867F-9A274151B173}.Debug|Any CPU.ActiveCfg = Debug|Any CPU
		{AB1230D6-6180-44F9-867F-9A274151B173}.Debug|Any CPU.Build.0 = Debug|Any CPU
		{AB1230D6-6180-44F9-867F-9A274151B173}.Release|Any CPU.ActiveCfg = Release|Any CPU
		{AB1230D6-6180-44F9-867F-9A274151B173}.Release|Any CPU.Build.0 = Release|Any CPU
	EndGlobalSection
	GlobalSection(SolutionProperties) = preSolution
		HideSolutionNode = FALSE
	EndGlobalSection
	GlobalSection(ExtensibilityGlobals) = postSolution
		SolutionGuid = {CFE9F3CC-97C5-4CBA-A0B0-66157BC92B14}
	EndGlobalSection
EndGlobal
